// !$*UTF8*$!
{
	archiveVersion = 1;
	classes = {
	};
	objectVersion = 50;
	objects = {

/* Begin PBXBuildFile section */
		D415C4F4237D31530038F00D /* AppDelegate.swift in Sources */ = {isa = PBXBuildFile; fileRef = D415C4F3237D31530038F00D /* AppDelegate.swift */; };
		D415C4F8237D31530038F00D /* ViewController.swift in Sources */ = {isa = PBXBuildFile; fileRef = D415C4F7237D31530038F00D /* ViewController.swift */; };
		D415C4FB237D31530038F00D /* Main.storyboard in Resources */ = {isa = PBXBuildFile; fileRef = D415C4F9237D31530038F00D /* Main.storyboard */; };
		D415C4FD237D315A0038F00D /* Assets.xcassets in Resources */ = {isa = PBXBuildFile; fileRef = D415C4FC237D315A0038F00D /* Assets.xcassets */; };
		D415C500237D315A0038F00D /* LaunchScreen.storyboard in Resources */ = {isa = PBXBuildFile; fileRef = D415C4FE237D315A0038F00D /* LaunchScreen.storyboard */; };
		D415C508237D31F40038F00D /* UICustomAlertController.swift in Sources */ = {isa = PBXBuildFile; fileRef = D415C507237D31F40038F00D /* UICustomAlertController.swift */; };
/* End PBXBuildFile section */

/* Begin PBXFileReference section */
		D415C4F0237D31530038F00D /* Custom Alert Controller.app */ = {isa = PBXFileReference; explicitFileType = wrapper.application; includeInIndex = 0; path = "Custom Alert Controller.app"; sourceTree = BUILT_PRODUCTS_DIR; };
		D415C4F3237D31530038F00D /* AppDelegate.swift */ = {isa = PBXFileReference; lastKnownFileType = sourcecode.swift; path = AppDelegate.swift; sourceTree = "<group>"; };
		D415C4F7237D31530038F00D /* ViewController.swift */ = {isa = PBXFileReference; lastKnownFileType = sourcecode.swift; path = ViewController.swift; sourceTree = "<group>"; };
		D415C4FA237D31530038F00D /* Base */ = {isa = PBXFileReference; lastKnownFileType = file.storyboard; name = Base; path = Base.lproj/Main.storyboard; sourceTree = "<group>"; };
		D415C4FC237D315A0038F00D /* Assets.xcassets */ = {isa = PBXFileReference; lastKnownFileType = folder.assetcatalog; path = Assets.xcassets; sourceTree = "<group>"; };
		D415C4FF237D315A0038F00D /* Base */ = {isa = PBXFileReference; lastKnownFileType = file.storyboard; name = Base; path = Base.lproj/LaunchScreen.storyboard; sourceTree = "<group>"; };
		D415C501237D315A0038F00D /* Info.plist */ = {isa = PBXFileReference; lastKnownFileType = text.plist.xml; path = Info.plist; sourceTree = "<group>"; };
		D415C507237D31F40038F00D /* UICustomAlertController.swift */ = {isa = PBXFileReference; fileEncoding = 4; lastKnownFileType = sourcecode.swift; path = UICustomAlertController.swift; sourceTree = "<group>"; };
/* End PBXFileReference section */

/* Begin PBXFrameworksBuildPhase section */
		D415C4ED237D31530038F00D /* Frameworks */ = {
			isa = PBXFrameworksBuildPhase;
			buildActionMask = 2147483647;
			files = (
			);
			runOnlyForDeploymentPostprocessing = 0;
		};
/* End PBXFrameworksBuildPhase section */

/* Begin PBXGroup section */
		D415C4E7237D31530038F00D = {
			isa = PBXGroup;
			children = (
				D415C4F2237D31530038F00D /* Custom Alert Controller */,
				D415C4F1237D31530038F00D /* Products */,
			);
			sourceTree = "<group>";
		};
		D415C4F1237D31530038F00D /* Products */ = {
			isa = PBXGroup;
			children = (
				D415C4F0237D31530038F00D /* Custom Alert Controller.app */,
			);
			name = Products;
			sourceTree = "<group>";
		};
		D415C4F2237D31530038F00D /* Custom Alert Controller */ = {
			isa = PBXGroup;
			children = (
				D415C4F3237D31530038F00D /* AppDelegate.swift */,
				D415C4F7237D31530038F00D /* ViewController.swift */,
				D415C507237D31F40038F00D /* UICustomAlertController.swift */,
				D415C4F9237D31530038F00D /* Main.storyboard */,
				D415C4FC237D315A0038F00D /* Assets.xcassets */,
				D415C4FE237D315A0038F00D /* LaunchScreen.storyboard */,
				D415C501237D315A0038F00D /* Info.plist */,
			);
			path = "Custom Alert Controller";
			sourceTree = "<group>";
		};
/* End PBXGroup section */

/* Begin PBXNativeTarget section */
		D415C4EF237D31530038F00D /* Custom Alert Controller */ = {
			isa = PBXNativeTarget;
			buildConfigurationList = D415C504237D315A0038F00D /* Build configuration list for PBXNativeTarget "Custom Alert Controller" */;
			buildPhases = (
				D415C4EC237D31530038F00D /* Sources */,
				D415C4ED237D31530038F00D /* Frameworks */,
				D415C4EE237D31530038F00D /* Resources */,
			);
			buildRules = (
			);
			dependencies = (
			);
			name = "Custom Alert Controller";
			productName = "Custom Alert Controller";
			productReference = D415C4F0237D31530038F00D /* Custom Alert Controller.app */;
			productType = "com.apple.product-type.application";
		};
/* End PBXNativeTarget section */

/* Begin PBXProject section */
		D415C4E8237D31530038F00D /* Project object */ = {
			isa = PBXProject;
			attributes = {
				LastSwiftUpdateCheck = 1110;
				LastUpgradeCheck = 1110;
				ORGANIZATIONNAME = "Pawan Kumar";
				TargetAttributes = {
					D415C4EF237D31530038F00D = {
						CreatedOnToolsVersion = 11.1;
					};
				};
			};
			buildConfigurationList = D415C4EB237D31530038F00D /* Build configuration list for PBXProject "Custom Alert Controller" */;
			compatibilityVersion = "Xcode 9.3";
			developmentRegion = en;
			hasScannedForEncodings = 0;
			knownRegions = (
				en,
				Base,
			);
			mainGroup = D415C4E7237D31530038F00D;
			productRefGroup = D415C4F1237D31530038F00D /* Products */;
			projectDirPath = "";
			projectRoot = "";
			targets = (
				D415C4EF237D31530038F00D /* Custom Alert Controller */,
			);
		};
/* End PBXProject section */

/* Begin PBXResourcesBuildPhase section */
		D415C4EE237D31530038F00D /* Resources */ = {
			isa = PBXResourcesBuildPhase;
			buildActionMask = 2147483647;
			files = (
				D415C500237D315A0038F00D /* LaunchScreen.storyboard in Resources */,
				D415C4FD237D315A0038F00D /* Assets.xcassets in Resources */,
				D415C4FB237D31530038F00D /* Main.storyboard in Resources */,
			);
			runOnlyForDeploymentPostprocessing = 0;
		};
/* End PBXResourcesBuildPhase section */

/* Begin PBXSourcesBuildPhase section */
		D415C4EC237D31530038F00D /* Sources */ = {
			isa = PBXSourcesBuildPhase;
			buildActionMask = 2147483647;
			files = (
				D415C508237D31F40038F00D /* UICustomAlertController.swift in Sources */,
				D415C4F8237D31530038F00D /* ViewController.swift in Sources */,
				D415C4F4237D31530038F00D /* AppDelegate.swift in Sources */,
			);
			runOnlyForDeploymentPostprocessing = 0;
		};
/* End PBXSourcesBuildPhase section */

/* Begin PBXVariantGroup section */
		D415C4F9237D31530038F00D /* Main.storyboard */ = {
			isa = PBXVariantGroup;
			children = (
				D415C4FA237D31530038F00D /* Base */,
			);
			name = Main.storyboard;
			sourceTree = "<group>";
		};
		D415C4FE237D315A0038F00D /* LaunchScreen.storyboard */ = {
			isa = PBXVariantGroup;
			children = (
				D415C4FF237D315A0038F00D /* Base */,
			);
			name = LaunchScreen.storyboard;
			sourceTree = "<group>";
		};
/* End PBXVariantGroup section */

/* Begin XCBuildConfiguration section */
		D415C502237D315A0038F00D /* Debug */ = {
			isa = XCBuildConfiguration;
			buildSettings = {
				ALWAYS_SEARCH_USER_PATHS = NO;
				CLANG_ANALYZER_NONNULL = YES;
				CLANG_ANALYZER_NUMBER_OBJECT_CONVERSION = YES_AGGRESSIVE;
				CLANG_CXX_LANGUAGE_STANDARD = "gnu++14";
				CLANG_CXX_LIBRARY = "libc++";
				CLANG_ENABLE_MODULES = YES;
				CLANG_ENABLE_OBJC_ARC = YES;
				CLANG_ENABLE_OBJC_WEAK = YES;
				CLANG_WARN_BLOCK_CAPTURE_AUTORELEASING = YES;
				CLANG_WARN_BOOL_CONVERSION = YES;
				CLANG_WARN_COMMA = YES;
				CLANG_WARN_CONSTANT_CONVERSION = YES;
				CLANG_WARN_DEPRECATED_OBJC_IMPLEMENTATIONS = YES;
				CLANG_WARN_DIRECT_OBJC_ISA_USAGE = YES_ERROR;
				CLANG_WARN_DOCUMENTATION_COMMENTS = YES;
				CLANG_WARN_EMPTY_BODY = YES;
				CLANG_WARN_ENUM_CONVERSION = YES;
				CLANG_WARN_INFINITE_RECURSION = YES;
				CLANG_WARN_INT_CONVERSION = YES;
				CLANG_WARN_NON_LITERAL_NULL_CONVERSION = YES;
				CLANG_WARN_OBJC_IMPLICIT_RETAIN_SELF = YES;
				CLANG_WARN_OBJC_LITERAL_CONVERSION = YES;
				CLANG_WARN_OBJC_ROOT_CLASS = YES_ERROR;
				CLANG_WARN_RANGE_LOOP_ANALYSIS = YES;
				CLANG_WARN_STRICT_PROTOTYPES = YES;
				CLANG_WARN_SUSPICIOUS_MOVE = YES;
				CLANG_WARN_UNGUARDED_AVAILABILITY = YES_AGGRESSIVE;
				CLANG_WARN_UNREACHABLE_CODE = YES;
				CLANG_WARN__DUPLICATE_METHOD_MATCH = YES;
				COPY_PHASE_STRIP = NO;
				DEBUG_INFORMATION_FORMAT = dwarf;
				ENABLE_STRICT_OBJC_MSGSEND = YES;
				ENABLE_TESTABILITY = YES;
				GCC_C_LANGUAGE_STANDARD = gnu11;
				GCC_DYNAMIC_NO_PIC = NO;
				GCC_NO_COMMON_BLOCKS = YES;
				GCC_OPTIMIZATION_LEVEL = 0;
				GCC_PREPROCESSOR_DEFINITIONS = (
					"DEBUG=1",
					"$(inherited)",
				);
				GCC_WARN_64_TO_32_BIT_CONVERSION = YES;
				GCC_WARN_ABOUT_RETURN_TYPE = YES_ERROR;
				GCC_WARN_UNDECLARED_SELECTOR = YES;
				GCC_WARN_UNINITIALIZED_AUTOS = YES_AGGRESSIVE;
				GCC_WARN_UNUSED_FUNCTION = YES;
				GCC_WARN_UNUSED_VARIABLE = YES;
				IPHONEOS_DEPLOYMENT_TARGET = 9.0;
				MTL_ENABLE_DEBUG_INFO = INCLUDE_SOURCE;
				MTL_FAST_MATH = YES;
				ONLY_ACTIVE_ARCH = YES;
				SDKROOT = iphoneos;
				SWIFT_ACTIVE_COMPILATION_CONDITIONS = DEBUG;
				SWIFT_OPTIMIZATION_LEVEL = "-Onone";
			};
			name = Debug;
		};
		D415C503237D315A0038F00D /* Release */ = {
			isa = XCBuildConfiguration;
			buildSettings = {
				ALWAYS_SEARCH_USER_PATHS = NO;
				CLANG_ANALYZER_NONNULL = YES;
				CLANG_ANALYZER_NUMBER_OBJECT_CONVERSION = YES_AGGRESSIVE;
				CLANG_CXX_LANGUAGE_STANDARD = "gnu++14";
				CLANG_CXX_LIBRARY = "libc++";
				CLANG_ENABLE_MODULES = YES;
				CLANG_ENABLE_OBJC_ARC = YES;
				CLANG_ENABLE_OBJC_WEAK = YES;
				CLANG_WARN_BLOCK_CAPTURE_AUTORELEASING = YES;
				CLANG_WARN_BOOL_CONVERSION = YES;
				CLANG_WARN_COMMA = YES;
				CLANG_WARN_CONSTANT_CONVERSION = YES;
				CLANG_WARN_DEPRECATED_OBJC_IMPLEMENTATIONS = YES;
				CLANG_WARN_DIRECT_OBJC_ISA_USAGE = YES_ERROR;
				CLANG_WARN_DOCUMENTATION_COMMENTS = YES;
				CLANG_WARN_EMPTY_BODY = YES;
				CLANG_WARN_ENUM_CONVERSION = YES;
				CLANG_WARN_INFINITE_RECURSION = YES;
				CLANG_WARN_INT_CONVERSION = YES;
				CLANG_WARN_NON_LITERAL_NULL_CONVERSION = YES;
				CLANG_WARN_OBJC_IMPLICIT_RETAIN_SELF = YES;
				CLANG_WARN_OBJC_LITERAL_CONVERSION = YES;
				CLANG_WARN_OBJC_ROOT_CLASS = YES_ERROR;
				CLANG_WARN_RANGE_LOOP_ANALYSIS = YES;
				CLANG_WARN_STRICT_PROTOTYPES = YES;
				CLANG_WARN_SUSPICIOUS_MOVE = YES;
				CLANG_WARN_UNGUARDED_AVAILABILITY = YES_AGGRESSIVE;
				CLANG_WARN_UNREACHABLE_CODE = YES;
				CLANG_WARN__DUPLICATE_METHOD_MATCH = YES;
				COPY_PHASE_STRIP = NO;
				DEBUG_INFORMATION_FORMAT = "dwarf-with-dsym";
				ENABLE_NS_ASSERTIONS = NO;
				ENABLE_STRICT_OBJC_MSGSEND = YES;
				GCC_C_LANGUAGE_STANDARD = gnu11;
				GCC_NO_COMMON_BLOCKS = YES;
				GCC_WARN_64_TO_32_BIT_CONVERSION = YES;
				GCC_WARN_ABOUT_RETURN_TYPE = YES_ERROR;
				GCC_WARN_UNDECLARED_SELECTOR = YES;
				GCC_WARN_UNINITIALIZED_AUTOS = YES_AGGRESSIVE;
				GCC_WARN_UNUSED_FUNCTION = YES;
				GCC_WARN_UNUSED_VARIABLE = YES;
				IPHONEOS_DEPLOYMENT_TARGET = 9.0;
				MTL_ENABLE_DEBUG_INFO = NO;
				MTL_FAST_MATH = YES;
				SDKROOT = iphoneos;
				SWIFT_COMPILATION_MODE = wholemodule;
				SWIFT_OPTIMIZATION_LEVEL = "-O";
				VALIDATE_PRODUCT = YES;
			};
			name = Release;
		};
		D415C505237D315A0038F00D /* Debug */ = {
			isa = XCBuildConfiguration;
			buildSettings = {
				ASSETCATALOG_COMPILER_APPICON_NAME = AppIcon;
				CODE_SIGN_STYLE = Automatic;
				INFOPLIST_FILE = "Custom Alert Controller/Info.plist";
				IPHONEOS_DEPLOYMENT_TARGET = 9.0;
				LD_RUNPATH_SEARCH_PATHS = (
					"$(inherited)",
					"@executable_path/Frameworks",
				);
				PRODUCT_BUNDLE_IDENTIFIER = "com.pk.Custom-Alert-Controller";
				PRODUCT_NAME = "$(TARGET_NAME)";
				SWIFT_VERSION = 5.0;
				TARGETED_DEVICE_FAMILY = "1,2";
			};
			name = Debug;
		};
		D415C506237D315A0038F00D /* Release */ = {
			isa = XCBuildConfiguration;
			buildSettings = {
				ASSETCATALOG_COMPILER_APPICON_NAME = AppIcon;
				CODE_SIGN_STYLE = Automatic;
				INFOPLIST_FILE = "Custom Alert Controller/Info.plist";
				IPHONEOS_DEPLOYMENT_TARGET = 9.0;
				LD_RUNPATH_SEARCH_PATHS = (
					"$(inherited)",
					"@executable_path/Frameworks",
				);
				PRODUCT_BUNDLE_IDENTIFIER = "com.pk.Custom-Alert-Controller";
				PRODUCT_NAME = "$(TARGET_NAME)";
				SWIFT_VERSION = 5.0;
				TARGETED_DEVICE_FAMILY = "1,2";
			};
			name = Release;
		};
/* End XCBuildConfiguration section */

/* Begin XCConfigurationList section */
		D415C4EB237D31530038F00D /* Build configuration list for PBXProject "Custom Alert Controller" */ = {
			isa = XCConfigurationList;
			buildConfigurations = (
				D415C502237D315A0038F00D /* Debug */,
				D415C503237D315A0038F00D /* Release */,
			);
			defaultConfigurationIsVisible = 0;
			defaultConfigurationName = Release;
		};
		D415C504237D315A0038F00D /* Build configuration list for PBXNativeTarget "Custom Alert Controller" */ = {
			isa = XCConfigurationList;
			buildConfigurations = (
				D415C505237D315A0038F00D /* Debug */,
				D415C506237D315A0038F00D /* Release */,
			);
			defaultConfigurationIsVisible = 0;
			defaultConfigurationName = Release;
		};
/* End XCConfigurationList section */
	};
	rootObject = D415C4E8237D31530038F00D /* Project object */;
}
